{
  "name": "Contest_Project",
  "lockfileVersion": 2,
  "requires": true,
  "packages": {
    "": {
      "dependencies": {
        "nodetopy": "^1.0.1",
        "nodetopy3": "^1.0.1",
        "piscina": "^4.4.0"
      }
    },
    "node_modules/child-process": {
      "version": "1.0.2",
      "resolved": "https://registry.npmjs.org/child-process/-/child-process-1.0.2.tgz",
      "integrity": "sha512-e45+JmjvkV2XQsJ9rUJghiYJ7/9Uk8fyYi1UwfP071VmGKBu/oD1OIwuD0+jSwjMtQkV0a0FVpPTEW+XGlbSdw=="
    },
    "node_modules/fs": {
      "version": "0.0.1-security",
      "resolved": "https://registry.npmjs.org/fs/-/fs-0.0.1-security.tgz",
      "integrity": "sha512-3XY9e1pP0CVEUCdj5BmfIZxRBTSDycnbqhIOGec9QYtmVH2fbLpj86CFWkrNOkt/Fvty4KZG5lTglL9j/gJ87w=="
    },
    "node_modules/nice-napi": {
      "version": "1.0.2",
      "resolved": "https://registry.npmjs.org/nice-napi/-/nice-napi-1.0.2.tgz",
      "integrity": "sha512-px/KnJAJZf5RuBGcfD+Sp2pAKq0ytz8j+1NehvgIGFkvtvFrDM3T8E4x/JJODXK9WZow8RRGrbA9QQ3hs+pDhA==",
      "hasInstallScript": true,
      "optional": true,
      "os": [
        "!win32"
      ],
      "dependencies": {
        "node-addon-api": "^3.0.0",
        "node-gyp-build": "^4.2.2"
      }
    },
    "node_modules/node-addon-api": {
      "version": "3.2.1",
      "resolved": "https://registry.npmjs.org/node-addon-api/-/node-addon-api-3.2.1.tgz",
      "integrity": "sha512-mmcei9JghVNDYydghQmeDX8KoAm0FAiYyIcUt/N4nhyAipB17pllZQDOJD2fotxABnt4Mdz+dKTO7eftLg4d0A==",
      "optional": true
    },
    "node_modules/node-gyp-build": {
      "version": "4.8.0",
      "resolved": "https://registry.npmjs.org/node-gyp-build/-/node-gyp-build-4.8.0.tgz",
      "integrity": "sha512-u6fs2AEUljNho3EYTJNBfImO5QTo/J/1Etd+NVdCj7qWKUSN/bSLkZwhDv7I+w/MSC6qJ4cknepkAYykDdK8og==",
      "optional": true,
      "bin": {
        "node-gyp-build": "bin.js",
        "node-gyp-build-optional": "optional.js",
        "node-gyp-build-test": "build-test.js"
      }
    },
    "node_modules/nodetopy": {
      "version": "1.0.1",
      "resolved": "https://registry.npmjs.org/nodetopy/-/nodetopy-1.0.1.tgz",
      "integrity": "sha512-U6lVuhXwluBKxUTSaUoLDFhivI4DAllGJajJtE6juOe+NoHKcpw+0BFLFZsQvt2Q5c0k+1YJGJ/nJNLu24zd+Q==",
      "dependencies": {
        "child-process": "^1.0.2",
        "fs": "^0.0.1-security"
      }
    },
    "node_modules/nodetopy3": {
      "version": "1.0.1",
      "resolved": "https://registry.npmjs.org/nodetopy3/-/nodetopy3-1.0.1.tgz",
      "integrity": "sha512-5Ar8sWvnSG+iwrpaP77zPx3vvpwlvJNKozPSOdUW5FW5fonGAD30N2d8PsykVxxJTUbAIgiAtt0V43dnJkFAWg==",
      "dependencies": {
        "child-process": "^1.0.2",
        "fs": "^0.0.1-security"
      }
    },
    "node_modules/piscina": {
      "version": "4.4.0",
      "resolved": "https://registry.npmjs.org/piscina/-/piscina-4.4.0.tgz",
      "integrity": "sha512-+AQduEJefrOApE4bV7KRmp3N2JnnyErlVqq4P/jmko4FPz9Z877BCccl/iB3FdrWSUkvbGV9Kan/KllJgat3Vg==",
      "optionalDependencies": {
        "nice-napi": "^1.0.2"
      }
    }
  },
  "dependencies": {
    "child-process": {
      "version": "1.0.2",
      "resolved": "https://registry.npmjs.org/child-process/-/child-process-1.0.2.tgz",
      "integrity": "sha512-e45+JmjvkV2XQsJ9rUJghiYJ7/9Uk8fyYi1UwfP071VmGKBu/oD1OIwuD0+jSwjMtQkV0a0FVpPTEW+XGlbSdw=="
    },
    "fs": {
      "version": "0.0.1-security",
      "resolved": "https://registry.npmjs.org/fs/-/fs-0.0.1-security.tgz",
      "integrity": "sha512-3XY9e1pP0CVEUCdj5BmfIZxRBTSDycnbqhIOGec9QYtmVH2fbLpj86CFWkrNOkt/Fvty4KZG5lTglL9j/gJ87w=="
    },
    "nice-napi": {
      "version": "1.0.2",
      "resolved": "https://registry.npmjs.org/nice-napi/-/nice-napi-1.0.2.tgz",
      "integrity": "sha512-px/KnJAJZf5RuBGcfD+Sp2pAKq0ytz8j+1NehvgIGFkvtvFrDM3T8E4x/JJODXK9WZow8RRGrbA9QQ3hs+pDhA==",
      "optional": true,
      "requires": {
        "node-addon-api": "^3.0.0",
        "node-gyp-build": "^4.2.2"
      }
    },
    "node-addon-api": {
      "version": "3.2.1",
      "resolved": "https://registry.npmjs.org/node-addon-api/-/node-addon-api-3.2.1.tgz",
      "integrity": "sha512-mmcei9JghVNDYydghQmeDX8KoAm0FAiYyIcUt/N4nhyAipB17pllZQDOJD2fotxABnt4Mdz+dKTO7eftLg4d0A==",
      "optional": true
    },
    "node-gyp-build": {
      "version": "4.8.0",
      "resolved": "https://registry.npmjs.org/node-gyp-build/-/node-gyp-build-4.8.0.tgz",
      "integrity": "sha512-u6fs2AEUljNho3EYTJNBfImO5QTo/J/1Etd+NVdCj7qWKUSN/bSLkZwhDv7I+w/MSC6qJ4cknepkAYykDdK8og==",
      "optional": true
    },
    "nodetopy": {
      "version": "1.0.1",
      "resolved": "https://registry.npmjs.org/nodetopy/-/nodetopy-1.0.1.tgz",
      "integrity": "sha512-U6lVuhXwluBKxUTSaUoLDFhivI4DAllGJajJtE6juOe+NoHKcpw+0BFLFZsQvt2Q5c0k+1YJGJ/nJNLu24zd+Q==",
      "requires": {
        "child-process": "^1.0.2",
        "fs": "^0.0.1-security"
      }
    },
    "nodetopy3": {
      "version": "1.0.1",
      "resolved": "https://registry.npmjs.org/nodetopy3/-/nodetopy3-1.0.1.tgz",
      "integrity": "sha512-5Ar8sWvnSG+iwrpaP77zPx3vvpwlvJNKozPSOdUW5FW5fonGAD30N2d8PsykVxxJTUbAIgiAtt0V43dnJkFAWg==",
      "requires": {
        "child-process": "^1.0.2",
        "fs": "^0.0.1-security"
      }
    },
    "piscina": {
      "version": "4.4.0",
      "resolved": "https://registry.npmjs.org/piscina/-/piscina-4.4.0.tgz",
      "integrity": "sha512-+AQduEJefrOApE4bV7KRmp3N2JnnyErlVqq4P/jmko4FPz9Z877BCccl/iB3FdrWSUkvbGV9Kan/KllJgat3Vg==",
      "requires": {
        "nice-napi": "^1.0.2"
      }
    }
  }
}
